// !$*UTF8*$!
{
	archiveVersion = 1;
	classes = {
	};
	objectVersion = 46;
	objects = {

/* Begin PBXBuildFile section */
		4AA16E271CEA0FDA0068BDA7 /* main.cpp in Sources */ = {isa = PBXBuildFile; fileRef = 4AA16E261CEA0FDA0068BDA7 /* main.cpp */; };
		4AA16E2E1CEA108B0068BDA7 /* libassimp.3.0.0.dylib in Frameworks */ = {isa = PBXBuildFile; fileRef = 4AA16E2D1CEA108B0068BDA7 /* libassimp.3.0.0.dylib */; };
		4AA16E311CEA11120068BDA7 /* scene.cpp in Sources */ = {isa = PBXBuildFile; fileRef = 4AA16E2F1CEA11120068BDA7 /* scene.cpp */; };
		4AA16E341CEA27B70068BDA7 /* structs.cpp in Sources */ = {isa = PBXBuildFile; fileRef = 4AA16E321CEA27B70068BDA7 /* structs.cpp */; };
/* End PBXBuildFile section */

/* Begin PBXCopyFilesBuildPhase section */
		4AA16E211CEA0FDA0068BDA7 /* CopyFiles */ = {
			isa = PBXCopyFilesBuildPhase;
			buildActionMask = 2147483647;
			dstPath = /usr/share/man/man1/;
			dstSubfolderSpec = 0;
			files = (
			);
			runOnlyForDeploymentPostprocessing = 1;
		};
/* End PBXCopyFilesBuildPhase section */

/* Begin PBXFileReference section */
		4AA16E231CEA0FDA0068BDA7 /* assetconv */ = {isa = PBXFileReference; explicitFileType = "compiled.mach-o.executable"; includeInIndex = 0; path = assetconv; sourceTree = BUILT_PRODUCTS_DIR; };
		4AA16E261CEA0FDA0068BDA7 /* main.cpp */ = {isa = PBXFileReference; lastKnownFileType = sourcecode.cpp.cpp; path = main.cpp; sourceTree = "<group>"; };
		4AA16E2D1CEA108B0068BDA7 /* libassimp.3.0.0.dylib */ = {isa = PBXFileReference; lastKnownFileType = "compiled.mach-o.dylib"; name = libassimp.3.0.0.dylib; path = ../../../../../../../opt/local/lib/libassimp.3.0.0.dylib; sourceTree = "<group>"; };
		4AA16E2F1CEA11120068BDA7 /* scene.cpp */ = {isa = PBXFileReference; fileEncoding = 4; lastKnownFileType = sourcecode.cpp.cpp; path = scene.cpp; sourceTree = "<group>"; };
		4AA16E301CEA11120068BDA7 /* scene.hpp */ = {isa = PBXFileReference; fileEncoding = 4; lastKnownFileType = sourcecode.cpp.h; path = scene.hpp; sourceTree = "<group>"; };
		4AA16E321CEA27B70068BDA7 /* structs.cpp */ = {isa = PBXFileReference; fileEncoding = 4; lastKnownFileType = sourcecode.cpp.cpp; path = structs.cpp; sourceTree = "<group>"; };
		4AA16E331CEA27B70068BDA7 /* structs.hpp */ = {isa = PBXFileReference; fileEncoding = 4; lastKnownFileType = sourcecode.cpp.h; path = structs.hpp; sourceTree = "<group>"; };
/* End PBXFileReference section */

/* Begin PBXFrameworksBuildPhase section */
		4AA16E201CEA0FDA0068BDA7 /* Frameworks */ = {
			isa = PBXFrameworksBuildPhase;
			buildActionMask = 2147483647;
			files = (
				4AA16E2E1CEA108B0068BDA7 /* libassimp.3.0.0.dylib in Frameworks */,
			);
			runOnlyForDeploymentPostprocessing = 0;
		};
/* End PBXFrameworksBuildPhase section */

/* Begin PBXGroup section */
		4AA16E1A1CEA0FDA0068BDA7 = {
			isa = PBXGroup;
			children = (
				4AA16E321CEA27B70068BDA7 /* structs.cpp */,
				4AA16E331CEA27B70068BDA7 /* structs.hpp */,
				4AA16E2F1CEA11120068BDA7 /* scene.cpp */,
				4AA16E301CEA11120068BDA7 /* scene.hpp */,
				4AA16E2D1CEA108B0068BDA7 /* libassimp.3.0.0.dylib */,
				4AA16E251CEA0FDA0068BDA7 /* assetconv */,
				4AA16E241CEA0FDA0068BDA7 /* Products */,
			);
			sourceTree = "<group>";
		};
		4AA16E241CEA0FDA0068BDA7 /* Products */ = {
			isa = PBXGroup;
			children = (
				4AA16E231CEA0FDA0068BDA7 /* assetconv */,
			);
			name = Products;
			sourceTree = "<group>";
		};
		4AA16E251CEA0FDA0068BDA7 /* assetconv */ = {
			isa = PBXGroup;
			children = (
				4AA16E261CEA0FDA0068BDA7 /* main.cpp */,
			);
			path = assetconv;
			sourceTree = "<group>";
		};
/* End PBXGroup section */

/* Begin PBXNativeTarget section */
		4AA16E221CEA0FDA0068BDA7 /* assetconv */ = {
			isa = PBXNativeTarget;
			buildConfigurationList = 4AA16E2A1CEA0FDA0068BDA7 /* Build configuration list for PBXNativeTarget "assetconv" */;
			buildPhases = (
				4AA16E1F1CEA0FDA0068BDA7 /* Sources */,
				4AA16E201CEA0FDA0068BDA7 /* Frameworks */,
				4AA16E211CEA0FDA0068BDA7 /* CopyFiles */,
			);
			buildRules = (
			);
			dependencies = (
			);
			name = assetconv;
			productName = assetconv;
			productReference = 4AA16E231CEA0FDA0068BDA7 /* assetconv */;
			productType = "com.apple.product-type.tool";
		};
/* End PBXNativeTarget section */

/* Begin PBXProject section */
		4AA16E1B1CEA0FDA0068BDA7 /* Project object */ = {
			isa = PBXProject;
			attributes = {
				LastUpgradeCheck = 0730;
				ORGANIZATIONNAME = "Ocean Planet Studios";
				TargetAttributes = {
					4AA16E221CEA0FDA0068BDA7 = {
						CreatedOnToolsVersion = 7.3;
					};
				};
			};
			buildConfigurationList = 4AA16E1E1CEA0FDA0068BDA7 /* Build configuration list for PBXProject "assetconv" */;
			compatibilityVersion = "Xcode 3.2";
			developmentRegion = English;
			hasScannedForEncodings = 0;
			knownRegions = (
				en,
			);
			mainGroup = 4AA16E1A1CEA0FDA0068BDA7;
			productRefGroup = 4AA16E241CEA0FDA0068BDA7 /* Products */;
			projectDirPath = "";
			projectRoot = "";
			targets = (
				4AA16E221CEA0FDA0068BDA7 /* assetconv */,
			);
		};
/* End PBXProject section */

/* Begin PBXSourcesBuildPhase section */
		4AA16E1F1CEA0FDA0068BDA7 /* Sources */ = {
			isa = PBXSourcesBuildPhase;
			buildActionMask = 2147483647;
			files = (
				4AA16E311CEA11120068BDA7 /* scene.cpp in Sources */,
				4AA16E341CEA27B70068BDA7 /* structs.cpp in Sources */,
				4AA16E271CEA0FDA0068BDA7 /* main.cpp in Sources */,
			);
			runOnlyForDeploymentPostprocessing = 0;
		};
/* End PBXSourcesBuildPhase section */

/* Begin XCBuildConfiguration section */
		4AA16E281CEA0FDA0068BDA7 /* Debug */ = {
			isa = XCBuildConfiguration;
			buildSettings = {
				ALWAYS_SEARCH_USER_PATHS = NO;
				CLANG_ANALYZER_NONNULL = YES;
				CLANG_CXX_LANGUAGE_STANDARD = "gnu++0x";
				CLANG_CXX_LIBRARY = "libc++";
				CLANG_ENABLE_MODULES = YES;
				CLANG_ENABLE_OBJC_ARC = YES;
				CLANG_WARN_BOOL_CONVERSION = YES;
				CLANG_WARN_CONSTANT_CONVERSION = YES;
				CLANG_WARN_DIRECT_OBJC_ISA_USAGE = YES_ERROR;
				CLANG_WARN_EMPTY_BODY = YES;
				CLANG_WARN_ENUM_CONVERSION = YES;
				CLANG_WARN_INT_CONVERSION = YES;
				CLANG_WARN_OBJC_ROOT_CLASS = YES_ERROR;
				CLANG_WARN_UNREACHABLE_CODE = YES;
				CLANG_WARN__DUPLICATE_METHOD_MATCH = YES;
				CODE_SIGN_IDENTITY = "-";
				COPY_PHASE_STRIP = NO;
				DEBUG_INFORMATION_FORMAT = dwarf;
				ENABLE_STRICT_OBJC_MSGSEND = YES;
				ENABLE_TESTABILITY = YES;
				GCC_C_LANGUAGE_STANDARD = gnu99;
				GCC_DYNAMIC_NO_PIC = NO;
				GCC_NO_COMMON_BLOCKS = YES;
				GCC_OPTIMIZATION_LEVEL = 0;
				GCC_PREPROCESSOR_DEFINITIONS = (
					"DEBUG=1",
					"$(inherited)",
				);
				GCC_WARN_64_TO_32_BIT_CONVERSION = YES;
				GCC_WARN_ABOUT_RETURN_TYPE = YES_ERROR;
				GCC_WARN_UNDECLARED_SELECTOR = YES;
				GCC_WARN_UNINITIALIZED_AUTOS = YES_AGGRESSIVE;
				GCC_WARN_UNUSED_FUNCTION = YES;
				GCC_WARN_UNUSED_VARIABLE = YES;
				HEADER_SEARCH_PATHS = (
					/opt/local/include,
					glm,
				);
				MACOSX_DEPLOYMENT_TARGET = 10.11;
				MTL_ENABLE_DEBUG_INFO = YES;
				ONLY_ACTIVE_ARCH = YES;
				SDKROOT = macosx;
			};
			name = Debug;
		};
		4AA16E291CEA0FDA0068BDA7 /* Release */ = {
			isa = XCBuildConfiguration;
			buildSettings = {
				ALWAYS_SEARCH_USER_PATHS = NO;
				CLANG_ANALYZER_NONNULL = YES;
				CLANG_CXX_LANGUAGE_STANDARD = "gnu++0x";
				CLANG_CXX_LIBRARY = "libc++";
				CLANG_ENABLE_MODULES = YES;
				CLANG_ENABLE_OBJC_ARC = YES;
				CLANG_WARN_BOOL_CONVERSION = YES;
				CLANG_WARN_CONSTANT_CONVERSION = YES;
				CLANG_WARN_DIRECT_OBJC_ISA_USAGE = YES_ERROR;
				CLANG_WARN_EMPTY_BODY = YES;
				CLANG_WARN_ENUM_CONVERSION = YES;
				CLANG_WARN_INT_CONVERSION = YES;
				CLANG_WARN_OBJC_ROOT_CLASS = YES_ERROR;
				CLANG_WARN_UNREACHABLE_CODE = YES;
				CLANG_WARN__DUPLICATE_METHOD_MATCH = YES;
				CODE_SIGN_IDENTITY = "-";
				COPY_PHASE_STRIP = NO;
				DEBUG_INFORMATION_FORMAT = "dwarf-with-dsym";
				ENABLE_NS_ASSERTIONS = NO;
				ENABLE_STRICT_OBJC_MSGSEND = YES;
				GCC_C_LANGUAGE_STANDARD = gnu99;
				GCC_NO_COMMON_BLOCKS = YES;
				GCC_WARN_64_TO_32_BIT_CONVERSION = YES;
				GCC_WARN_ABOUT_RETURN_TYPE = YES_ERROR;
				GCC_WARN_UNDECLARED_SELECTOR = YES;
				GCC_WARN_UNINITIALIZED_AUTOS = YES_AGGRESSIVE;
				GCC_WARN_UNUSED_FUNCTION = YES;
				GCC_WARN_UNUSED_VARIABLE = YES;
				HEADER_SEARCH_PATHS = (
					/opt/local/include,
					glm,
				);
				MACOSX_DEPLOYMENT_TARGET = 10.11;
				MTL_ENABLE_DEBUG_INFO = NO;
				SDKROOT = macosx;
			};
			name = Release;
		};
		4AA16E2B1CEA0FDA0068BDA7 /* Debug */ = {
			isa = XCBuildConfiguration;
			buildSettings = {
				LIBRARY_SEARCH_PATHS = (
					"$(inherited)",
					/opt/local/lib,
				);
				PRODUCT_NAME = "$(TARGET_NAME)";
			};
			name = Debug;
		};
		4AA16E2C1CEA0FDA0068BDA7 /* Release */ = {
			isa = XCBuildConfiguration;
			buildSettings = {
				LIBRARY_SEARCH_PATHS = (
					"$(inherited)",
					/opt/local/lib,
				);
				PRODUCT_NAME = "$(TARGET_NAME)";
			};
			name = Release;
		};
/* End XCBuildConfiguration section */

/* Begin XCConfigurationList section */
		4AA16E1E1CEA0FDA0068BDA7 /* Build configuration list for PBXProject "assetconv" */ = {
			isa = XCConfigurationList;
			buildConfigurations = (
				4AA16E281CEA0FDA0068BDA7 /* Debug */,
				4AA16E291CEA0FDA0068BDA7 /* Release */,
			);
			defaultConfigurationIsVisible = 0;
			defaultConfigurationName = Release;
		};
		4AA16E2A1CEA0FDA0068BDA7 /* Build configuration list for PBXNativeTarget "assetconv" */ = {
			isa = XCConfigurationList;
			buildConfigurations = (
				4AA16E2B1CEA0FDA0068BDA7 /* Debug */,
				4AA16E2C1CEA0FDA0068BDA7 /* Release */,
			);
			defaultConfigurationIsVisible = 0;
		};
/* End XCConfigurationList section */
	};
	rootObject = 4AA16E1B1CEA0FDA0068BDA7 /* Project object */;
}
